
Microsoft Visual Studio Solution File, Format Version 12.00
# Visual Studio 14
VisualStudioVersion = 14.0.25420.1
MinimumVisualStudioVersion = 10.0.40219.1
Project("{FAE04EC0-301F-11D3-BF4B-00C04F79EFBC}") = "CryptoTool", "CryptoTool\CryptoTool.csproj", "{D56FED22-7DA1-4C76-9CAC-03ACAFC376E4}"
EndProject
Project("{FAE04EC0-301F-11D3-BF4B-00C04F79EFBC}") = "CryptoToolTests", "CryptoToolTests\CryptoToolTests.csproj", "{CC99ED43-9223-4816-AD55-71326C17D857}"
EndProject
Project("{FAE04EC0-301F-11D3-BF4B-00C04F79EFBC}") = "EncryptTool", "EncryptTool\EncryptTool.csproj", "{C3D24C89-D6B9-47F0-8ABB-B6B2A26D3371}"
EndProject
Project("{FAE04EC0-301F-11D3-BF4B-00C04F79EFBC}") = "CustomControlLib", "CustomControlLib\CustomControlLib.csproj", "{954C30BF-8409-4294-B01D-5F21379E9B20}"
EndProject
Global
	GlobalSection(SolutionConfigurationPlatforms) = preSolution
		Debug|Any CPU = Debug|Any CPU
		Release|Any CPU = Release|Any CPU
	EndGlobalSection
	GlobalSection(ProjectConfigurationPlatforms) = postSolution
		{D56FED22-7DA1-4C76-9CAC-03ACAFC376E4}.Debug|Any CPU.ActiveCfg = Debug|Any CPU
		{D56FED22-7DA1-4C76-9CAC-03ACAFC376E4}.Debug|Any CPU.Build.0 = Debug|Any CPU
		{D56FED22-7DA1-4C76-9CAC-03ACAFC376E4}.Release|Any CPU.ActiveCfg = Release|Any CPU
		{D56FED22-7DA1-4C76-9CAC-03ACAFC376E4}.Release|Any CPU.Build.0 = Release|Any CPU
		{CC99ED43-9223-4816-AD55-71326C17D857}.Debug|Any CPU.ActiveCfg = Debug|Any CPU
		{CC99ED43-9223-4816-AD55-71326C17D857}.Debug|Any CPU.Build.0 = Debug|Any CPU
		{CC99ED43-9223-4816-AD55-71326C17D857}.Release|Any CPU.ActiveCfg = Release|Any CPU
		{CC99ED43-9223-4816-AD55-71326C17D857}.Release|Any CPU.Build.0 = Release|Any CPU
		{C3D24C89-D6B9-47F0-8ABB-B6B2A26D3371}.Debug|Any CPU.ActiveCfg = Debug|Any CPU
		{C3D24C89-D6B9-47F0-8ABB-B6B2A26D3371}.Debug|Any CPU.Build.0 = Debug|Any CPU
		{C3D24C89-D6B9-47F0-8ABB-B6B2A26D3371}.Release|Any CPU.ActiveCfg = Release|Any CPU
		{C3D24C89-D6B9-47F0-8ABB-B6B2A26D3371}.Release|Any CPU.Build.0 = Release|Any CPU
		{954C30BF-8409-4294-B01D-5F21379E9B20}.Debug|Any CPU.ActiveCfg = Debug|Any CPU
		{954C30BF-8409-4294-B01D-5F21379E9B20}.Debug|Any CPU.Build.0 = Debug|Any CPU
		{954C30BF-8409-4294-B01D-5F21379E9B20}.Release|Any CPU.ActiveCfg = Release|Any CPU
		{954C30BF-8409-4294-B01D-5F21379E9B20}.Release|Any CPU.Build.0 = Release|Any CPU
	EndGlobalSection
	GlobalSection(SolutionProperties) = preSolution
		HideSolutionNode = FALSE
	EndGlobalSection
EndGlobal
